// !$*UTF8*$!
{
	archiveVersion = 1;
	classes = {
	};
	objectVersion = 56;
	objects = {

/* Begin PBXBuildFile section */
		8FFD28722A5E99B80033B7AD /* CprAppApp.swift in Sources */ = {isa = PBXBuildFile; fileRef = 8FFD28712A5E99B80033B7AD /* CprAppApp.swift */; };
		8FFD28742A5E99B80033B7AD /* ContentView.swift in Sources */ = {isa = PBXBuildFile; fileRef = 8FFD28732A5E99B80033B7AD /* ContentView.swift */; };
		8FFD28762A5E99BA0033B7AD /* Assets.xcassets in Resources */ = {isa = PBXBuildFile; fileRef = 8FFD28752A5E99BA0033B7AD /* Assets.xcassets */; };
		8FFD28792A5E99BA0033B7AD /* Preview Assets.xcassets in Resources */ = {isa = PBXBuildFile; fileRef = 8FFD28782A5E99BA0033B7AD /* Preview Assets.xcassets */; };
		8FFD28832A5E99BA0033B7AD /* CprAppTests.swift in Sources */ = {isa = PBXBuildFile; fileRef = 8FFD28822A5E99BA0033B7AD /* CprAppTests.swift */; };
		8FFD288D2A5E99BA0033B7AD /* CprAppUITests.swift in Sources */ = {isa = PBXBuildFile; fileRef = 8FFD288C2A5E99BA0033B7AD /* CprAppUITests.swift */; };
		8FFD288F2A5E99BA0033B7AD /* CprAppUITestsLaunchTests.swift in Sources */ = {isa = PBXBuildFile; fileRef = 8FFD288E2A5E99BA0033B7AD /* CprAppUITestsLaunchTests.swift */; };
/* End PBXBuildFile section */

/* Begin PBXContainerItemProxy section */
		8FFD287F2A5E99BA0033B7AD /* PBXContainerItemProxy */ = {
			isa = PBXContainerItemProxy;
			containerPortal = 8FFD28662A5E99B80033B7AD /* Project object */;
			proxyType = 1;
			remoteGlobalIDString = 8FFD286D2A5E99B80033B7AD;
			remoteInfo = CprApp;
		};
		8FFD28892A5E99BA0033B7AD /* PBXContainerItemProxy */ = {
			isa = PBXContainerItemProxy;
			containerPortal = 8FFD28662A5E99B80033B7AD /* Project object */;
			proxyType = 1;
			remoteGlobalIDString = 8FFD286D2A5E99B80033B7AD;
			remoteInfo = CprApp;
		};
/* End PBXContainerItemProxy section */

/* Begin PBXFileReference section */
		8FFD286E2A5E99B80033B7AD /* CprApp.app */ = {isa = PBXFileReference; explicitFileType = wrapper.application; includeInIndex = 0; path = CprApp.app; sourceTree = BUILT_PRODUCTS_DIR; };
		8FFD28712A5E99B80033B7AD /* CprAppApp.swift */ = {isa = PBXFileReference; lastKnownFileType = sourcecode.swift; path = CprAppApp.swift; sourceTree = "<group>"; };
		8FFD28732A5E99B80033B7AD /* ContentView.swift */ = {isa = PBXFileReference; lastKnownFileType = sourcecode.swift; path = ContentView.swift; sourceTree = "<group>"; };
		8FFD28752A5E99BA0033B7AD /* Assets.xcassets */ = {isa = PBXFileReference; lastKnownFileType = folder.assetcatalog; path = Assets.xcassets; sourceTree = "<group>"; };
		8FFD28782A5E99BA0033B7AD /* Preview Assets.xcassets */ = {isa = PBXFileReference; lastKnownFileType = folder.assetcatalog; path = "Preview Assets.xcassets"; sourceTree = "<group>"; };
		8FFD287E2A5E99BA0033B7AD /* CprAppTests.xctest */ = {isa = PBXFileReference; explicitFileType = wrapper.cfbundle; includeInIndex = 0; path = CprAppTests.xctest; sourceTree = BUILT_PRODUCTS_DIR; };
		8FFD28822A5E99BA0033B7AD /* CprAppTests.swift */ = {isa = PBXFileReference; lastKnownFileType = sourcecode.swift; path = CprAppTests.swift; sourceTree = "<group>"; };
		8FFD28882A5E99BA0033B7AD /* CprAppUITests.xctest */ = {isa = PBXFileReference; explicitFileType = wrapper.cfbundle; includeInIndex = 0; path = CprAppUITests.xctest; sourceTree = BUILT_PRODUCTS_DIR; };
		8FFD288C2A5E99BA0033B7AD /* CprAppUITests.swift */ = {isa = PBXFileReference; lastKnownFileType = sourcecode.swift; path = CprAppUITests.swift; sourceTree = "<group>"; };
		8FFD288E2A5E99BA0033B7AD /* CprAppUITestsLaunchTests.swift */ = {isa = PBXFileReference; lastKnownFileType = sourcecode.swift; path = CprAppUITestsLaunchTests.swift; sourceTree = "<group>"; };
/* End PBXFileReference section */

/* Begin PBXFrameworksBuildPhase section */
		8FFD286B2A5E99B80033B7AD /* Frameworks */ = {
			isa = PBXFrameworksBuildPhase;
			buildActionMask = 2147483647;
			files = (
			);
			runOnlyForDeploymentPostprocessing = 0;
		};
		8FFD287B2A5E99BA0033B7AD /* Frameworks */ = {
			isa = PBXFrameworksBuildPhase;
			buildActionMask = 2147483647;
			files = (
			);
			runOnlyForDeploymentPostprocessing = 0;
		};
		8FFD28852A5E99BA0033B7AD /* Frameworks */ = {
			isa = PBXFrameworksBuildPhase;
			buildActionMask = 2147483647;
			files = (
			);
			runOnlyForDeploymentPostprocessing = 0;
		};
/* End PBXFrameworksBuildPhase section */

/* Begin PBXGroup section */
		8FFD28652A5E99B80033B7AD = {
			isa = PBXGroup;
			children = (
				8FFD28702A5E99B80033B7AD /* CprApp */,
				8FFD28812A5E99BA0033B7AD /* CprAppTests */,
				8FFD288B2A5E99BA0033B7AD /* CprAppUITests */,
				8FFD286F2A5E99B80033B7AD /* Products */,
			);
			sourceTree = "<group>";
		};
		8FFD286F2A5E99B80033B7AD /* Products */ = {
			isa = PBXGroup;
			children = (
				8FFD286E2A5E99B80033B7AD /* CprApp.app */,
				8FFD287E2A5E99BA0033B7AD /* CprAppTests.xctest */,
				8FFD28882A5E99BA0033B7AD /* CprAppUITests.xctest */,
			);
			name = Products;
			sourceTree = "<group>";
		};
		8FFD28702A5E99B80033B7AD /* CprApp */ = {
			isa = PBXGroup;
			children = (
				8FFD28712A5E99B80033B7AD /* CprAppApp.swift */,
				8FFD28732A5E99B80033B7AD /* ContentView.swift */,
				8FFD28752A5E99BA0033B7AD /* Assets.xcassets */,
				8FFD28772A5E99BA0033B7AD /* Preview Content */,
			);
			path = CprApp;
			sourceTree = "<group>";
		};
		8FFD28772A5E99BA0033B7AD /* Preview Content */ = {
			isa = PBXGroup;
			children = (
				8FFD28782A5E99BA0033B7AD /* Preview Assets.xcassets */,
			);
			path = "Preview Content";
			sourceTree = "<group>";
		};
		8FFD28812A5E99BA0033B7AD /* CprAppTests */ = {
			isa = PBXGroup;
			children = (
				8FFD28822A5E99BA0033B7AD /* CprAppTests.swift */,
			);
			path = CprAppTests;
			sourceTree = "<group>";
		};
		8FFD288B2A5E99BA0033B7AD /* CprAppUITests */ = {
			isa = PBXGroup;
			children = (
				8FFD288C2A5E99BA0033B7AD /* CprAppUITests.swift */,
				8FFD288E2A5E99BA0033B7AD /* CprAppUITestsLaunchTests.swift */,
			);
			path = CprAppUITests;
			sourceTree = "<group>";
		};
/* End PBXGroup section */

/* Begin PBXNativeTarget section */
		8FFD286D2A5E99B80033B7AD /* CprApp */ = {
			isa = PBXNativeTarget;
			buildConfigurationList = 8FFD28922A5E99BA0033B7AD /* Build configuration list for PBXNativeTarget "CprApp" */;
			buildPhases = (
				8FFD286A2A5E99B80033B7AD /* Sources */,
				8FFD286B2A5E99B80033B7AD /* Frameworks */,
				8FFD286C2A5E99B80033B7AD /* Resources */,
			);
			buildRules = (
			);
			dependencies = (
			);
			name = CprApp;
			productName = CprApp;
			productReference = 8FFD286E2A5E99B80033B7AD /* CprApp.app */;
			productType = "com.apple.product-type.application";
		};
		8FFD287D2A5E99BA0033B7AD /* CprAppTests */ = {
			isa = PBXNativeTarget;
			buildConfigurationList = 8FFD28952A5E99BA0033B7AD /* Build configuration list for PBXNativeTarget "CprAppTests" */;
			buildPhases = (
				8FFD287A2A5E99BA0033B7AD /* Sources */,
				8FFD287B2A5E99BA0033B7AD /* Frameworks */,
				8FFD287C2A5E99BA0033B7AD /* Resources */,
			);
			buildRules = (
			);
			dependencies = (
				8FFD28802A5E99BA0033B7AD /* PBXTargetDependency */,
			);
			name = CprAppTests;
			productName = CprAppTests;
			productReference = 8FFD287E2A5E99BA0033B7AD /* CprAppTests.xctest */;
			productType = "com.apple.product-type.bundle.unit-test";
		};
		8FFD28872A5E99BA0033B7AD /* CprAppUITests */ = {
			isa = PBXNativeTarget;
			buildConfigurationList = 8FFD28982A5E99BA0033B7AD /* Build configuration list for PBXNativeTarget "CprAppUITests" */;
			buildPhases = (
				8FFD28842A5E99BA0033B7AD /* Sources */,
				8FFD28852A5E99BA0033B7AD /* Frameworks */,
				8FFD28862A5E99BA0033B7AD /* Resources */,
			);
			buildRules = (
			);
			dependencies = (
				8FFD288A2A5E99BA0033B7AD /* PBXTargetDependency */,
			);
			name = CprAppUITests;
			productName = CprAppUITests;
			productReference = 8FFD28882A5E99BA0033B7AD /* CprAppUITests.xctest */;
			productType = "com.apple.product-type.bundle.ui-testing";
		};
/* End PBXNativeTarget section */

/* Begin PBXProject section */
		8FFD28662A5E99B80033B7AD /* Project object */ = {
			isa = PBXProject;
			attributes = {
				BuildIndependentTargetsInParallel = 1;
				LastSwiftUpdateCheck = 1400;
				LastUpgradeCheck = 1400;
				TargetAttributes = {
					8FFD286D2A5E99B80033B7AD = {
						CreatedOnToolsVersion = 14.0.1;
					};
					8FFD287D2A5E99BA0033B7AD = {
						CreatedOnToolsVersion = 14.0.1;
						TestTargetID = 8FFD286D2A5E99B80033B7AD;
					};
					8FFD28872A5E99BA0033B7AD = {
						CreatedOnToolsVersion = 14.0.1;
						TestTargetID = 8FFD286D2A5E99B80033B7AD;
					};
				};
			};
			buildConfigurationList = 8FFD28692A5E99B80033B7AD /* Build configuration list for PBXProject "CprApp" */;
			compatibilityVersion = "Xcode 14.0";
			developmentRegion = en;
			hasScannedForEncodings = 0;
			knownRegions = (
				en,
				Base,
			);
			mainGroup = 8FFD28652A5E99B80033B7AD;
			productRefGroup = 8FFD286F2A5E99B80033B7AD /* Products */;
			projectDirPath = "";
			projectRoot = "";
			targets = (
				8FFD286D2A5E99B80033B7AD /* CprApp */,
				8FFD287D2A5E99BA0033B7AD /* CprAppTests */,
				8FFD28872A5E99BA0033B7AD /* CprAppUITests */,
			);
		};
/* End PBXProject section */

/* Begin PBXResourcesBuildPhase section */
		8FFD286C2A5E99B80033B7AD /* Resources */ = {
			isa = PBXResourcesBuildPhase;
			buildActionMask = 2147483647;
			files = (
				8FFD28792A5E99BA0033B7AD /* Preview Assets.xcassets in Resources */,
				8FFD28762A5E99BA0033B7AD /* Assets.xcassets in Resources */,
			);
			runOnlyForDeploymentPostprocessing = 0;
		};
		8FFD287C2A5E99BA0033B7AD /* Resources */ = {
			isa = PBXResourcesBuildPhase;
			buildActionMask = 2147483647;
			files = (
			);
			runOnlyForDeploymentPostprocessing = 0;
		};
		8FFD28862A5E99BA0033B7AD /* Resources */ = {
			isa = PBXResourcesBuildPhase;
			buildActionMask = 2147483647;
			files = (
			);
			runOnlyForDeploymentPostprocessing = 0;
		};
/* End PBXResourcesBuildPhase section */

/* Begin PBXSourcesBuildPhase section */
		8FFD286A2A5E99B80033B7AD /* Sources */ = {
			isa = PBXSourcesBuildPhase;
			buildActionMask = 2147483647;
			files = (
				8FFD28742A5E99B80033B7AD /* ContentView.swift in Sources */,
				8FFD28722A5E99B80033B7AD /* CprAppApp.swift in Sources */,
			);
			runOnlyForDeploymentPostprocessing = 0;
		};
		8FFD287A2A5E99BA0033B7AD /* Sources */ = {
			isa = PBXSourcesBuildPhase;
			buildActionMask = 2147483647;
			files = (
				8FFD28832A5E99BA0033B7AD /* CprAppTests.swift in Sources */,
			);
			runOnlyForDeploymentPostprocessing = 0;
		};
		8FFD28842A5E99BA0033B7AD /* Sources */ = {
			isa = PBXSourcesBuildPhase;
			buildActionMask = 2147483647;
			files = (
				8FFD288F2A5E99BA0033B7AD /* CprAppUITestsLaunchTests.swift in Sources */,
				8FFD288D2A5E99BA0033B7AD /* CprAppUITests.swift in Sources */,
			);
			runOnlyForDeploymentPostprocessing = 0;
		};
/* End PBXSourcesBuildPhase section */

/* Begin PBXTargetDependency section */
		8FFD28802A5E99BA0033B7AD /* PBXTargetDependency */ = {
			isa = PBXTargetDependency;
			target = 8FFD286D2A5E99B80033B7AD /* CprApp */;
			targetProxy = 8FFD287F2A5E99BA0033B7AD /* PBXContainerItemProxy */;
		};
		8FFD288A2A5E99BA0033B7AD /* PBXTargetDependency */ = {
			isa = PBXTargetDependency;
			target = 8FFD286D2A5E99B80033B7AD /* CprApp */;
			targetProxy = 8FFD28892A5E99BA0033B7AD /* PBXContainerItemProxy */;
		};
/* End PBXTargetDependency section */

/* Begin XCBuildConfiguration section */
		8FFD28902A5E99BA0033B7AD /* Debug */ = {
			isa = XCBuildConfiguration;
			buildSettings = {
				ALWAYS_SEARCH_USER_PATHS = NO;
				CLANG_ANALYZER_NONNULL = YES;
				CLANG_ANALYZER_NUMBER_OBJECT_CONVERSION = YES_AGGRESSIVE;
				CLANG_CXX_LANGUAGE_STANDARD = "gnu++20";
				CLANG_ENABLE_MODULES = YES;
				CLANG_ENABLE_OBJC_ARC = YES;
				CLANG_ENABLE_OBJC_WEAK = YES;
				CLANG_WARN_BLOCK_CAPTURE_AUTORELEASING = YES;
				CLANG_WARN_BOOL_CONVERSION = YES;
				CLANG_WARN_COMMA = YES;
				CLANG_WARN_CONSTANT_CONVERSION = YES;
				CLANG_WARN_DEPRECATED_OBJC_IMPLEMENTATIONS = YES;
				CLANG_WARN_DIRECT_OBJC_ISA_USAGE = YES_ERROR;
				CLANG_WARN_DOCUMENTATION_COMMENTS = YES;
				CLANG_WARN_EMPTY_BODY = YES;
				CLANG_WARN_ENUM_CONVERSION = YES;
				CLANG_WARN_INFINITE_RECURSION = YES;
				CLANG_WARN_INT_CONVERSION = YES;
				CLANG_WARN_NON_LITERAL_NULL_CONVERSION = YES;
				CLANG_WARN_OBJC_IMPLICIT_RETAIN_SELF = YES;
				CLANG_WARN_OBJC_LITERAL_CONVERSION = YES;
				CLANG_WARN_OBJC_ROOT_CLASS = YES_ERROR;
				CLANG_WARN_QUOTED_INCLUDE_IN_FRAMEWORK_HEADER = YES;
				CLANG_WARN_RANGE_LOOP_ANALYSIS = YES;
				CLANG_WARN_STRICT_PROTOTYPES = YES;
				CLANG_WARN_SUSPICIOUS_MOVE = YES;
				CLANG_WARN_UNGUARDED_AVAILABILITY = YES_AGGRESSIVE;
				CLANG_WARN_UNREACHABLE_CODE = YES;
				CLANG_WARN__DUPLICATE_METHOD_MATCH = YES;
				COPY_PHASE_STRIP = NO;
				DEBUG_INFORMATION_FORMAT = dwarf;
				ENABLE_STRICT_OBJC_MSGSEND = YES;
				ENABLE_TESTABILITY = YES;
				GCC_C_LANGUAGE_STANDARD = gnu11;
				GCC_DYNAMIC_NO_PIC = NO;
				GCC_NO_COMMON_BLOCKS = YES;
				GCC_OPTIMIZATION_LEVEL = 0;
				GCC_PREPROCESSOR_DEFINITIONS = (
					"DEBUG=1",
					"$(inherited)",
				);
				GCC_WARN_64_TO_32_BIT_CONVERSION = YES;
				GCC_WARN_ABOUT_RETURN_TYPE = YES_ERROR;
				GCC_WARN_UNDECLARED_SELECTOR = YES;
				GCC_WARN_UNINITIALIZED_AUTOS = YES_AGGRESSIVE;
				GCC_WARN_UNUSED_FUNCTION = YES;
				GCC_WARN_UNUSED_VARIABLE = YES;
				IPHONEOS_DEPLOYMENT_TARGET = 16.0;
				MTL_ENABLE_DEBUG_INFO = INCLUDE_SOURCE;
				MTL_FAST_MATH = YES;
				ONLY_ACTIVE_ARCH = YES;
				SDKROOT = iphoneos;
				SWIFT_ACTIVE_COMPILATION_CONDITIONS = DEBUG;
				SWIFT_OPTIMIZATION_LEVEL = "-Onone";
			};
			name = Debug;
		};
		8FFD28912A5E99BA0033B7AD /* Release */ = {
			isa = XCBuildConfiguration;
			buildSettings = {
				ALWAYS_SEARCH_USER_PATHS = NO;
				CLANG_ANALYZER_NONNULL = YES;
				CLANG_ANALYZER_NUMBER_OBJECT_CONVERSION = YES_AGGRESSIVE;
				CLANG_CXX_LANGUAGE_STANDARD = "gnu++20";
				CLANG_ENABLE_MODULES = YES;
				CLANG_ENABLE_OBJC_ARC = YES;
				CLANG_ENABLE_OBJC_WEAK = YES;
				CLANG_WARN_BLOCK_CAPTURE_AUTORELEASING = YES;
				CLANG_WARN_BOOL_CONVERSION = YES;
				CLANG_WARN_COMMA = YES;
				CLANG_WARN_CONSTANT_CONVERSION = YES;
				CLANG_WARN_DEPRECATED_OBJC_IMPLEMENTATIONS = YES;
				CLANG_WARN_DIRECT_OBJC_ISA_USAGE = YES_ERROR;
				CLANG_WARN_DOCUMENTATION_COMMENTS = YES;
				CLANG_WARN_EMPTY_BODY = YES;
				CLANG_WARN_ENUM_CONVERSION = YES;
				CLANG_WARN_INFINITE_RECURSION = YES;
				CLANG_WARN_INT_CONVERSION = YES;
				CLANG_WARN_NON_LITERAL_NULL_CONVERSION = YES;
				CLANG_WARN_OBJC_IMPLICIT_RETAIN_SELF = YES;
				CLANG_WARN_OBJC_LITERAL_CONVERSION = YES;
				CLANG_WARN_OBJC_ROOT_CLASS = YES_ERROR;
				CLANG_WARN_QUOTED_INCLUDE_IN_FRAMEWORK_HEADER = YES;
				CLANG_WARN_RANGE_LOOP_ANALYSIS = YES;
				CLANG_WARN_STRICT_PROTOTYPES = YES;
				CLANG_WARN_SUSPICIOUS_MOVE = YES;
				CLANG_WARN_UNGUARDED_AVAILABILITY = YES_AGGRESSIVE;
				CLANG_WARN_UNREACHABLE_CODE = YES;
				CLANG_WARN__DUPLICATE_METHOD_MATCH = YES;
				COPY_PHASE_STRIP = NO;
				DEBUG_INFORMATION_FORMAT = "dwarf-with-dsym";
				ENABLE_NS_ASSERTIONS = NO;
				ENABLE_STRICT_OBJC_MSGSEND = YES;
				GCC_C_LANGUAGE_STANDARD = gnu11;
				GCC_NO_COMMON_BLOCKS = YES;
				GCC_WARN_64_TO_32_BIT_CONVERSION = YES;
				GCC_WARN_ABOUT_RETURN_TYPE = YES_ERROR;
				GCC_WARN_UNDECLARED_SELECTOR = YES;
				GCC_WARN_UNINITIALIZED_AUTOS = YES_AGGRESSIVE;
				GCC_WARN_UNUSED_FUNCTION = YES;
				GCC_WARN_UNUSED_VARIABLE = YES;
				IPHONEOS_DEPLOYMENT_TARGET = 16.0;
				MTL_ENABLE_DEBUG_INFO = NO;
				MTL_FAST_MATH = YES;
				SDKROOT = iphoneos;
				SWIFT_COMPILATION_MODE = wholemodule;
				SWIFT_OPTIMIZATION_LEVEL = "-O";
				VALIDATE_PRODUCT = YES;
			};
			name = Release;
		};
		8FFD28932A5E99BA0033B7AD /* Debug */ = {
			isa = XCBuildConfiguration;
			buildSettings = {
				ASSETCATALOG_COMPILER_APPICON_NAME = AppIcon;
				ASSETCATALOG_COMPILER_GLOBAL_ACCENT_COLOR_NAME = AccentColor;
				CODE_SIGN_STYLE = Automatic;
				CURRENT_PROJECT_VERSION = 1;
				DEVELOPMENT_ASSET_PATHS = "\"CprApp/Preview Content\"";
				ENABLE_PREVIEWS = YES;
				GENERATE_INFOPLIST_FILE = YES;
				INFOPLIST_KEY_UIApplicationSceneManifest_Generation = YES;
				INFOPLIST_KEY_UIApplicationSupportsIndirectInputEvents = YES;
				INFOPLIST_KEY_UILaunchScreen_Generation = YES;
				INFOPLIST_KEY_UISupportedInterfaceOrientations_iPad = "UIInterfaceOrientationPortrait UIInterfaceOrientationPortraitUpsideDown UIInterfaceOrientationLandscapeLeft UIInterfaceOrientationLandscapeRight";
				INFOPLIST_KEY_UISupportedInterfaceOrientations_iPhone = "UIInterfaceOrientationPortrait UIInterfaceOrientationLandscapeLeft UIInterfaceOrientationLandscapeRight";
				LD_RUNPATH_SEARCH_PATHS = (
					"$(inherited)",
					"@executable_path/Frameworks",
				);
				MARKETING_VERSION = 1.0;
				PRODUCT_BUNDLE_IDENTIFIER = me.CprApp;
				PRODUCT_NAME = "$(TARGET_NAME)";
				SWIFT_EMIT_LOC_STRINGS = YES;
				SWIFT_VERSION = 5.0;
				TARGETED_DEVICE_FAMILY = "1,2";
			};
			name = Debug;
		};
		8FFD28942A5E99BA0033B7AD /* Release */ = {
			isa = XCBuildConfiguration;
			buildSettings = {
				ASSETCATALOG_COMPILER_APPICON_NAME = AppIcon;
				ASSETCATALOG_COMPILER_GLOBAL_ACCENT_COLOR_NAME = AccentColor;
				CODE_SIGN_STYLE = Automatic;
				CURRENT_PROJECT_VERSION = 1;
				DEVELOPMENT_ASSET_PATHS = "\"CprApp/Preview Content\"";
				ENABLE_PREVIEWS = YES;
				GENERATE_INFOPLIST_FILE = YES;
				INFOPLIST_KEY_UIApplicationSceneManifest_Generation = YES;
				INFOPLIST_KEY_UIApplicationSupportsIndirectInputEvents = YES;
				INFOPLIST_KEY_UILaunchScreen_Generation = YES;
				INFOPLIST_KEY_UISupportedInterfaceOrientations_iPad = "UIInterfaceOrientationPortrait UIInterfaceOrientationPortraitUpsideDown UIInterfaceOrientationLandscapeLeft UIInterfaceOrientationLandscapeRight";
				INFOPLIST_KEY_UISupportedInterfaceOrientations_iPhone = "UIInterfaceOrientationPortrait UIInterfaceOrientationLandscapeLeft UIInterfaceOrientationLandscapeRight";
				LD_RUNPATH_SEARCH_PATHS = (
					"$(inherited)",
					"@executable_path/Frameworks",
				);
				MARKETING_VERSION = 1.0;
				PRODUCT_BUNDLE_IDENTIFIER = me.CprApp;
				PRODUCT_NAME = "$(TARGET_NAME)";
				SWIFT_EMIT_LOC_STRINGS = YES;
				SWIFT_VERSION = 5.0;
				TARGETED_DEVICE_FAMILY = "1,2";
			};
			name = Release;
		};
		8FFD28962A5E99BA0033B7AD /* Debug */ = {
			isa = XCBuildConfiguration;
			buildSettings = {
				ALWAYS_EMBED_SWIFT_STANDARD_LIBRARIES = YES;
				BUNDLE_LOADER = "$(TEST_HOST)";
				CODE_SIGN_STYLE = Automatic;
				CURRENT_PROJECT_VERSION = 1;
				GENERATE_INFOPLIST_FILE = YES;
				IPHONEOS_DEPLOYMENT_TARGET = 16.0;
				MARKETING_VERSION = 1.0;
				PRODUCT_BUNDLE_IDENTIFIER = me.CprAppTests;
				PRODUCT_NAME = "$(TARGET_NAME)";
				SWIFT_EMIT_LOC_STRINGS = NO;
				SWIFT_VERSION = 5.0;
				TARGETED_DEVICE_FAMILY = "1,2";
				TEST_HOST = "$(BUILT_PRODUCTS_DIR)/CprApp.app/$(BUNDLE_EXECUTABLE_FOLDER_PATH)/CprApp";
			};
			name = Debug;
		};
		8FFD28972A5E99BA0033B7AD /* Release */ = {
			isa = XCBuildConfiguration;
			buildSettings = {
				ALWAYS_EMBED_SWIFT_STANDARD_LIBRARIES = YES;
				BUNDLE_LOADER = "$(TEST_HOST)";
				CODE_SIGN_STYLE = Automatic;
				CURRENT_PROJECT_VERSION = 1;
				GENERATE_INFOPLIST_FILE = YES;
				IPHONEOS_DEPLOYMENT_TARGET = 16.0;
				MARKETING_VERSION = 1.0;
				PRODUCT_BUNDLE_IDENTIFIER = me.CprAppTests;
				PRODUCT_NAME = "$(TARGET_NAME)";
				SWIFT_EMIT_LOC_STRINGS = NO;
				SWIFT_VERSION = 5.0;
				TARGETED_DEVICE_FAMILY = "1,2";
				TEST_HOST = "$(BUILT_PRODUCTS_DIR)/CprApp.app/$(BUNDLE_EXECUTABLE_FOLDER_PATH)/CprApp";
			};
			name = Release;
		};
		8FFD28992A5E99BA0033B7AD /* Debug */ = {
			isa = XCBuildConfiguration;
			buildSettings = {
				ALWAYS_EMBED_SWIFT_STANDARD_LIBRARIES = YES;
				CODE_SIGN_STYLE = Automatic;
				CURRENT_PROJECT_VERSION = 1;
				GENERATE_INFOPLIST_FILE = YES;
				MARKETING_VERSION = 1.0;
				PRODUCT_BUNDLE_IDENTIFIER = me.CprAppUITests;
				PRODUCT_NAME = "$(TARGET_NAME)";
				SWIFT_EMIT_LOC_STRINGS = NO;
				SWIFT_VERSION = 5.0;
				TARGETED_DEVICE_FAMILY = "1,2";
				TEST_TARGET_NAME = CprApp;
			};
			name = Debug;
		};
		8FFD289A2A5E99BA0033B7AD /* Release */ = {
			isa = XCBuildConfiguration;
			buildSettings = {
				ALWAYS_EMBED_SWIFT_STANDARD_LIBRARIES = YES;
				CODE_SIGN_STYLE = Automatic;
				CURRENT_PROJECT_VERSION = 1;
				GENERATE_INFOPLIST_FILE = YES;
				MARKETING_VERSION = 1.0;
				PRODUCT_BUNDLE_IDENTIFIER = me.CprAppUITests;
				PRODUCT_NAME = "$(TARGET_NAME)";
				SWIFT_EMIT_LOC_STRINGS = NO;
				SWIFT_VERSION = 5.0;
				TARGETED_DEVICE_FAMILY = "1,2";
				TEST_TARGET_NAME = CprApp;
			};
			name = Release;
		};
/* End XCBuildConfiguration section */

/* Begin XCConfigurationList section */
		8FFD28692A5E99B80033B7AD /* Build configuration list for PBXProject "CprApp" */ = {
			isa = XCConfigurationList;
			buildConfigurations = (
				8FFD28902A5E99BA0033B7AD /* Debug */,
				8FFD28912A5E99BA0033B7AD /* Release */,
			);
			defaultConfigurationIsVisible = 0;
			defaultConfigurationName = Release;
		};
		8FFD28922A5E99BA0033B7AD /* Build configuration list for PBXNativeTarget "CprApp" */ = {
			isa = XCConfigurationList;
			buildConfigurations = (
				8FFD28932A5E99BA0033B7AD /* Debug */,
				8FFD28942A5E99BA0033B7AD /* Release */,
			);
			defaultConfigurationIsVisible = 0;
			defaultConfigurationName = Release;
		};
		8FFD28952A5E99BA0033B7AD /* Build configuration list for PBXNativeTarget "CprAppTests" */ = {
			isa = XCConfigurationList;
			buildConfigurations = (
				8FFD28962A5E99BA0033B7AD /* Debug */,
				8FFD28972A5E99BA0033B7AD /* Release */,
			);
			defaultConfigurationIsVisible = 0;
			defaultConfigurationName = Release;
		};
		8FFD28982A5E99BA0033B7AD /* Build configuration list for PBXNativeTarget "CprAppUITests" */ = {
			isa = XCConfigurationList;
			buildConfigurations = (
				8FFD28992A5E99BA0033B7AD /* Debug */,
				8FFD289A2A5E99BA0033B7AD /* Release */,
			);
			defaultConfigurationIsVisible = 0;
			defaultConfigurationName = Release;
		};
/* End XCConfigurationList section */
	};
	rootObject = 8FFD28662A5E99B80033B7AD /* Project object */;
}
